
Microsoft Visual Studio Solution File, Format Version 12.00
# Visual Studio Version 17
VisualStudioVersion = 17.9.34723.18
MinimumVisualStudioVersion = 10.0.40219.1
Project("{9A19103F-16F7-4668-BE54-9A1E7A4F7556}") = "IT-WEB-23-63-0055-K.H.S.D.Hettiarachchi-Q2", "IT-WEB-23-63-0055-K.H.S.D.Hettiarachchi-Q2.csproj", "{27837AEE-F673-485C-B5C4-8DF342B5950A}"
EndProject
Global
	GlobalSection(SolutionConfigurationPlatforms) = preSolution
		Debug|Any CPU = Debug|Any CPU
		Release|Any CPU = Release|Any CPU
	EndGlobalSection
	GlobalSection(ProjectConfigurationPlatforms) = postSolution
		{27837AEE-F673-485C-B5C4-8DF342B5950A}.Debug|Any CPU.ActiveCfg = Debug|Any CPU
		{27837AEE-F673-485C-B5C4-8DF342B5950A}.Debug|Any CPU.Build.0 = Debug|Any CPU
		{27837AEE-F673-485C-B5C4-8DF342B5950A}.Release|Any CPU.ActiveCfg = Release|Any CPU
		{27837AEE-F673-485C-B5C4-8DF342B5950A}.Release|Any CPU.Build.0 = Release|Any CPU
	EndGlobalSection
	GlobalSection(SolutionProperties) = preSolution
		HideSolutionNode = FALSE
	EndGlobalSection
	GlobalSection(ExtensibilityGlobals) = postSolution
		SolutionGuid = {CE1A73A5-7387-4A41-9122-18197C0FEC78}
	EndGlobalSection
EndGlobal
